<?xml version="1.0" encoding="utf-8"?>
<Project ToolsVersion="4.0" xmlns="http://schemas.microsoft.com/developer/msbuild/2003">
  <ItemGroup>
    <Filter Include="KamataEngine">
      <UniqueIdentifier>{4FC737F1-C7A5-4376-A066-2A32D752A2FF}</UniqueIdentifier>
      <Extensions>cpp;c;cc;cxx;c++;cppm;ixx;def;odl;idl;hpj;bat;asm;asmx</Extensions>
    </Filter>
    <Filter Include="KamataEngine\Source">
      <UniqueIdentifier>{d966e9f8-e880-44ae-8586-a08515e4cffc}</UniqueIdentifier>
    </Filter>
    <Filter Include="KamataEngine\Include">
      <UniqueIdentifier>{4aae4e40-94f7-4d32-9a91-c0c37a2edf0d}</UniqueIdentifier>
    </Filter>
    <Filter Include="KamataEngine\Adapter">
      <UniqueIdentifier>{c6468eb4-788b-4a83-b207-a5f4804e56c5}</UniqueIdentifier>
    </Filter>
    <Filter Include="Lib">
      <UniqueIdentifier>{7f8f8da9-6e63-46b8-a43f-cfd4d4cadcf6}</UniqueIdentifier>
    </Filter>
    <Filter Include="Lib\InputManager">
      <UniqueIdentifier>{e650028c-55c6-4307-85a9-be0806a29fa2}</UniqueIdentifier>
    </Filter>
    <Filter Include="Lib\MyMath">
      <UniqueIdentifier>{14e0e1fc-3941-4e24-89ef-ec681d27b3ef}</UniqueIdentifier>
    </Filter>
    <Filter Include="Game">
      <UniqueIdentifier>{8c3f1437-f080-4025-9706-6ea1b3842528}</UniqueIdentifier>
    </Filter>
    <Filter Include="Game\Scene">
      <UniqueIdentifier>{1d237b7a-dd95-42df-ae15-7603f0956fc9}</UniqueIdentifier>
    </Filter>
    <Filter Include="Game\Object">
      <UniqueIdentifier>{97f80303-5932-426e-9452-e283f92486f7}</UniqueIdentifier>
    </Filter>
    <Filter Include="Lib\LoadFile">
      <UniqueIdentifier>{ca1ef090-f5cf-4f2c-8115-ea21534ea239}</UniqueIdentifier>
    </Filter>
    <Filter Include="Game\Object\MapChip">
      <UniqueIdentifier>{d63b7e8d-ca38-4bdb-a8b8-1b1b73a2d778}</UniqueIdentifier>
    </Filter>
    <Filter Include="Game\Object\Cow">
      <UniqueIdentifier>{987dfb03-3042-4801-a239-85e8fe0f154c}</UniqueIdentifier>
    </Filter>
    <Filter Include="Game\Object\Dog">
      <UniqueIdentifier>{d90f9c08-349b-480a-a013-f8d24d635b39}</UniqueIdentifier>
    </Filter>
    <Filter Include="Game\Object\Camera">
      <UniqueIdentifier>{fafbd409-49e8-4040-ae26-3592b5a4945a}</UniqueIdentifier>
    </Filter>
    <Filter Include="Game\Object\Player">
      <UniqueIdentifier>{700ffe6c-98af-4fda-ab33-e225467a6e5b}</UniqueIdentifier>
    </Filter>
    <Filter Include="Game\Object\Player\Cowherd">
      <UniqueIdentifier>{eae6287d-3646-4ab5-bf13-d41ee443fb07}</UniqueIdentifier>
    </Filter>
    <Filter Include="Config">
      <UniqueIdentifier>{bfa51a73-78f9-4ef7-92d4-65ad0217e364}</UniqueIdentifier>
    </Filter>
    <Filter Include="Game\Object\Base">
      <UniqueIdentifier>{c87ff17d-ac72-40ac-886c-12de60a99b18}</UniqueIdentifier>
    </Filter>
    <Filter Include="Lib\DrawManager">
      <UniqueIdentifier>{b0f1af29-2d6c-403d-9533-a75235defbdd}</UniqueIdentifier>
    </Filter>
    <Filter Include="Game\TurnManager">
      <UniqueIdentifier>{a01446dc-28fb-47c1-ac62-ca671fa80d83}</UniqueIdentifier>
    </Filter>
    <Filter Include="Game\CollisionManager">
      <UniqueIdentifier>{b1602efe-49fa-4018-acfb-28b08f42babc}</UniqueIdentifier>
    </Filter>
    <Filter Include="Game\Object\Particle">
      <UniqueIdentifier>{9953f749-8f4d-440a-9fc3-5e76d81a72f5}</UniqueIdentifier>
    </Filter>
  </ItemGroup>
  <ItemGroup>
    <ClCompile Include="C:\KamataEngine\DirectXGame\base\DirectXCommon.cpp">
      <Filter>KamataEngine\Source</Filter>
    </ClCompile>
    <ClCompile Include="C:\KamataEngine\DirectXGame\base\TextureManager.cpp">
      <Filter>KamataEngine\Source</Filter>
    </ClCompile>
    <ClCompile Include="C:\KamataEngine\DirectXGame\scene\GameScene.cpp">
      <Filter>KamataEngine\Source</Filter>
    </ClCompile>
    <ClCompile Include="C:\KamataEngine\DirectXGame\base\WinApp.cpp">
      <Filter>KamataEngine\Source</Filter>
    </ClCompile>
    <ClCompile Include="main.cpp" />
    <ClCompile Include="C:\KamataEngine\Adapter\Novice.cpp">
      <Filter>KamataEngine\Adapter</Filter>
    </ClCompile>
    <ClCompile Include="C:\KamataEngine\DirectXGame\2d\ImGuiManager.cpp">
      <Filter>KamataEngine</Filter>
    </ClCompile>
    <ClCompile Include="C:\KamataEngine\DirectXGame\base\StringUtility.cpp">
      <Filter>KamataEngine\Source</Filter>
    </ClCompile>
    <ClCompile Include="Lib\InputManager\InputManager.cpp">
      <Filter>Lib\InputManager</Filter>
    </ClCompile>
    <ClCompile Include="Lib\MyMath\Collision.cpp">
      <Filter>Lib\MyMath</Filter>
    </ClCompile>
    <ClCompile Include="Lib\MyMath\Draw.cpp">
      <Filter>Lib\MyMath</Filter>
    </ClCompile>
    <ClCompile Include="Lib\MyMath\Ease.cpp">
      <Filter>Lib\MyMath</Filter>
    </ClCompile>
    <ClCompile Include="Lib\MyMath\Matrix3x3.cpp">
      <Filter>Lib\MyMath</Filter>
    </ClCompile>
    <ClCompile Include="Lib\MyMath\MyMath.cpp">
      <Filter>Lib\MyMath</Filter>
    </ClCompile>
    <ClCompile Include="Game\Scene\BaseScene.cpp">
      <Filter>Game\Scene</Filter>
    </ClCompile>
    <ClCompile Include="Game\Scene\Scene_Title.cpp">
      <Filter>Game\Scene</Filter>
    </ClCompile>
    <ClCompile Include="Game\Scene\Scene_Game.cpp">
      <Filter>Game\Scene</Filter>
    </ClCompile>
    <ClCompile Include="Game\Scene\SceneManager.cpp">
      <Filter>Game\Scene</Filter>
    </ClCompile>
    <ClCompile Include="Game\Object\MapChip\MapChip.cpp">
      <Filter>Game\Object\MapChip</Filter>
    </ClCompile>
    <ClCompile Include="Game\Object\Cow\Cow.cpp">
      <Filter>Game\Object\Cow</Filter>
    </ClCompile>
    <ClCompile Include="Game\Object\Dog\Dog.cpp">
      <Filter>Game\Object\Dog</Filter>
    </ClCompile>
    <ClCompile Include="Game\Object\Camera\Camera.cpp">
      <Filter>Game\Object\Camera</Filter>
    </ClCompile>
    <ClCompile Include="Game\Object\Player\Cowherd.cpp">
      <Filter>Game\Object\Player\Cowherd</Filter>
    </ClCompile>
    <ClCompile Include="Game\Scene\Scene_LevelSelect.cpp">
      <Filter>Game\Scene</Filter>
    </ClCompile>
    <ClCompile Include="Game\Object\Player\YoungPerson.cpp">
      <Filter>Game\Object\Player</Filter>
    </ClCompile>
    <ClCompile Include="Game\Object\Base\BaseMap.cpp">
      <Filter>Game\Object\Base</Filter>
    </ClCompile>
    <ClCompile Include="Game\Object\Base\BaseCow.cpp">
      <Filter>Game\Object\Base</Filter>
    </ClCompile>
    <ClCompile Include="Lib\DrawManager\Drawable.cpp">
      <Filter>Lib\DrawManager</Filter>
    </ClCompile>
    <ClCompile Include="Lib\DrawManager\Renderer.cpp">
      <Filter>Lib\DrawManager</Filter>
    </ClCompile>
    <ClCompile Include="Game\TurnManager\TurnManager.cpp">
      <Filter>Game\TurnManager</Filter>
    </ClCompile>
    <ClCompile Include="Game\Scene\Scene_Clear.cpp">
      <Filter>Game\Scene</Filter>
    </ClCompile>
    <ClCompile Include="Game\CollisionManager\CowCollision.cpp">
      <Filter>Game\CollisionManager</Filter>
    </ClCompile>
    <ClCompile Include="Game\CollisionManager\CowherdCollision.cpp">
      <Filter>Game\CollisionManager</Filter>
    </ClCompile>
    <ClCompile Include="Game\CollisionManager\YoungPersonCollision.cpp">
      <Filter>Game\CollisionManager</Filter>
    </ClCompile>
    <ClCompile Include="Game\CollisionManager\CollisionManager.cpp">
      <Filter>Game\CollisionManager</Filter>
    </ClCompile>
    <ClCompile Include="Game\TurnManager\Turn.cpp">
      <Filter>Game\TurnManager</Filter>
    </ClCompile>
    <ClCompile Include="Game\Object\Particle\Emitter.cpp">
      <Filter>Game\Object\Particle</Filter>
    </ClCompile>
    <ClCompile Include="Game\Object\Particle\Particle.cpp">
      <Filter>Game\Object\Particle</Filter>
    </ClCompile>
    <ClCompile Include="Lib\MyMath\Color.cpp">
      <Filter>Lib\MyMath</Filter>
    </ClCompile>
    <ClCompile Include="Game\Object\Cow\BullCow.cpp">
      <Filter>Game\Object\Cow</Filter>
    </ClCompile>
    <ClCompile Include="Game\Game.cpp">
      <Filter>Game</Filter>
    </ClCompile>
  </ItemGroup>
  <ItemGroup>
    <ClInclude Include="C:\KamataEngine\DirectXGame\audio\Audio.h">
      <Filter>KamataEngine\Include</Filter>
    </ClInclude>
    <ClInclude Include="C:\KamataEngine\DirectXGame\2d\DebugText.h">
      <Filter>KamataEngine\Include</Filter>
    </ClInclude>
    <ClInclude Include="C:\KamataEngine\DirectXGame\base\DirectXCommon.h">
      <Filter>KamataEngine\Include</Filter>
    </ClInclude>
    <ClInclude Include="C:\KamataEngine\DirectXGame\scene\GameScene.h">
      <Filter>KamataEngine\Include</Filter>
    </ClInclude>
    <ClInclude Include="C:\KamataEngine\DirectXGame\input\Input.h">
      <Filter>KamataEngine\Include</Filter>
    </ClInclude>
    <ClInclude Include="C:\KamataEngine\DirectXGame\3d\Model.h">
      <Filter>KamataEngine\Include</Filter>
    </ClInclude>
    <ClInclude Include="C:\KamataEngine\DirectXGame\base\SafeDelete.h">
      <Filter>KamataEngine\Include</Filter>
    </ClInclude>
    <ClInclude Include="C:\KamataEngine\DirectXGame\2d\Sprite.h">
      <Filter>KamataEngine\Include</Filter>
    </ClInclude>
    <ClInclude Include="C:\KamataEngine\DirectXGame\base\TextureManager.h">
      <Filter>KamataEngine\Include</Filter>
    </ClInclude>
    <ClInclude Include="C:\KamataEngine\DirectXGame\3d\ViewProjection.h">
      <Filter>KamataEngine\Include</Filter>
    </ClInclude>
    <ClInclude Include="C:\KamataEngine\DirectXGame\base\WinApp.h">
      <Filter>KamataEngine\Include</Filter>
    </ClInclude>
    <ClInclude Include="C:\KamataEngine\DirectXGame\3d\WorldTransform.h">
      <Filter>KamataEngine\Include</Filter>
    </ClInclude>
    <ClInclude Include="C:\KamataEngine\Adapter\Novice.h">
      <Filter>KamataEngine\Adapter</Filter>
    </ClInclude>
    <ClInclude Include="C:\KamataEngine\DirectXGame\3d\CircleShadow.h">
      <Filter>KamataEngine\Include</Filter>
    </ClInclude>
    <ClInclude Include="C:\KamataEngine\DirectXGame\3d\DebugCamera.h">
      <Filter>KamataEngine\Include</Filter>
    </ClInclude>
    <ClInclude Include="C:\KamataEngine\DirectXGame\3d\DirectionalLight.h">
      <Filter>KamataEngine\Include</Filter>
    </ClInclude>
    <ClInclude Include="C:\KamataEngine\DirectXGame\3d\LightGroup.h">
      <Filter>KamataEngine\Include</Filter>
    </ClInclude>
    <ClInclude Include="C:\KamataEngine\DirectXGame\3d\Material.h">
      <Filter>KamataEngine\Include</Filter>
    </ClInclude>
    <ClInclude Include="C:\KamataEngine\DirectXGame\3d\Mesh.h">
      <Filter>KamataEngine\Include</Filter>
    </ClInclude>
    <ClInclude Include="C:\KamataEngine\DirectXGame\3d\PointLight.h">
      <Filter>KamataEngine\Include</Filter>
    </ClInclude>
    <ClInclude Include="C:\KamataEngine\DirectXGame\3d\SpotLight.h">
      <Filter>KamataEngine\Include</Filter>
    </ClInclude>
    <ClInclude Include="C:\KamataEngine\DirectXGame\math\Matrix4x4.h" />
    <ClInclude Include="C:\KamataEngine\DirectXGame\math\Vector2.h" />
    <ClInclude Include="C:\KamataEngine\DirectXGame\math\Vector3.h" />
    <ClInclude Include="C:\KamataEngine\DirectXGame\math\Vector4.h" />
    <ClInclude Include="C:\KamataEngine\DirectXGame\2d\ImGuiManager.h" />
    <ClInclude Include="C:\KamataEngine\DirectXGame\base\StringUtility.h">
      <Filter>KamataEngine\Include</Filter>
    </ClInclude>
    <ClInclude Include="Lib\InputManager\InputManager.h">
      <Filter>Lib\InputManager</Filter>
    </ClInclude>
    <ClInclude Include="Lib\MyMath\Collision.h">
      <Filter>Lib\MyMath</Filter>
    </ClInclude>
    <ClInclude Include="Lib\MyMath\Draw.h">
      <Filter>Lib\MyMath</Filter>
    </ClInclude>
    <ClInclude Include="Lib\MyMath\Ease.h">
      <Filter>Lib\MyMath</Filter>
    </ClInclude>
    <ClInclude Include="Lib\MyMath\Matrix3x3.h">
      <Filter>Lib\MyMath</Filter>
    </ClInclude>
    <ClInclude Include="Lib\MyMath\MyMath.h">
      <Filter>Lib\MyMath</Filter>
    </ClInclude>
    <ClInclude Include="Lib\MyMath\MyVector2.h">
      <Filter>Lib\MyMath</Filter>
    </ClInclude>
    <ClInclude Include="Lib\MyMath\Quad.h">
      <Filter>Lib\MyMath</Filter>
    </ClInclude>
    <ClInclude Include="Game\Scene\BaseScene.h">
      <Filter>Game\Scene</Filter>
    </ClInclude>
    <ClInclude Include="Game\Scene\Scene_Title.h">
      <Filter>Game\Scene</Filter>
    </ClInclude>
    <ClInclude Include="Game\Scene\Scene_Game.h">
      <Filter>Game\Scene</Filter>
    </ClInclude>
    <ClInclude Include="Game\Scene\SceneManager.h">
      <Filter>Game\Scene</Filter>
    </ClInclude>
    <ClInclude Include="Lib\LoadFile\LoadFile.h">
      <Filter>Lib\LoadFile</Filter>
    </ClInclude>
    <ClInclude Include="Game\Object\MapChip\MapChip.h">
      <Filter>Game\Object\MapChip</Filter>
    </ClInclude>
    <ClInclude Include="Game\Object\Cow\Cow.h">
      <Filter>Game\Object\Cow</Filter>
    </ClInclude>
    <ClInclude Include="Game\Object\Dog\Dog.h">
      <Filter>Game\Object\Dog</Filter>
    </ClInclude>
    <ClInclude Include="Game\Object\Camera\Camera.h">
      <Filter>Game\Object\Camera</Filter>
    </ClInclude>
    <ClInclude Include="Game\Object\Player\Cowherd.h">
      <Filter>Game\Object\Player\Cowherd</Filter>
    </ClInclude>
    <ClInclude Include="Game\Scene\Scene_LevelSelect.h">
      <Filter>Game\Scene</Filter>
    </ClInclude>
    <ClInclude Include="Game\Object\Player\YoungPerson.h">
      <Filter>Game\Object\Player</Filter>
    </ClInclude>
    <ClInclude Include="Game\Object\Base\BaseMap.h">
      <Filter>Game\Object\Base</Filter>
    </ClInclude>
    <ClInclude Include="Config\CanMoveDirection.h">
      <Filter>Config</Filter>
    </ClInclude>
    <ClInclude Include="Config\Environment.h">
      <Filter>Config</Filter>
    </ClInclude>
    <ClInclude Include="Game\Object\Base\BaseCow.h">
      <Filter>Game\Object\Base</Filter>
    </ClInclude>
    <ClInclude Include="Lib\DrawManager\Drawable.h">
      <Filter>Lib\DrawManager</Filter>
    </ClInclude>
    <ClInclude Include="Lib\DrawManager\Renderer.h">
      <Filter>Lib\DrawManager</Filter>
    </ClInclude>
    <ClInclude Include="Game\TurnManager\TurnManager.h">
      <Filter>Game\TurnManager</Filter>
    </ClInclude>
    <ClInclude Include="Game\Scene\Scene_Clear.h">
      <Filter>Game\Scene</Filter>
    </ClInclude>
    <ClInclude Include="Game\CollisionManager\CowherdCollision.h">
      <Filter>Game\CollisionManager</Filter>
    </ClInclude>
    <ClInclude Include="Game\CollisionManager\CowCollision.h">
      <Filter>Game\CollisionManager</Filter>
    </ClInclude>
    <ClInclude Include="Game\CollisionManager\YoungPersonCollision.h">
      <Filter>Game\CollisionManager</Filter>
    </ClInclude>
    <ClInclude Include="Game\CollisionManager\CollisionManager.h">
      <Filter>Game\CollisionManager</Filter>
    </ClInclude>
    <ClInclude Include="Game\TurnManager\Turn.h">
      <Filter>Game\TurnManager</Filter>
    </ClInclude>
    <ClInclude Include="Game\Object\Particle\Emitter.h">
      <Filter>Game\Object\Particle</Filter>
    </ClInclude>
    <ClInclude Include="Game\Object\Particle\Particle.h">
      <Filter>Game\Object\Particle</Filter>
    </ClInclude>
    <ClInclude Include="Lib\MyMath\Color.h">
      <Filter>Lib\MyMath</Filter>
    </ClInclude>
  </ItemGroup>
</Project>