
Microsoft Visual Studio Solution File, Format Version 12.00
# Visual Studio Version 17
VisualStudioVersion = 17.5.33530.505
MinimumVisualStudioVersion = 10.0.40219.1
Project("{8BC9CEB8-8B4A-11D0-8D11-00A0C91BC942}") = "TD1_2", "TD1_2.vcxproj", "{5B1CE99D-46BE-4616-96F1-37329C12008A}"
EndProject
Global
	GlobalSection(SolutionConfigurationPlatforms) = preSolution
		Debug|x64 = Debug|x64
		Release|x64 = Release|x64
	EndGlobalSection
	GlobalSection(ProjectConfigurationPlatforms) = postSolution
		{5B1CE99D-46BE-4616-96F1-37329C12008A}.Debug|x64.ActiveCfg = Debug|x64
		{5B1CE99D-46BE-4616-96F1-37329C12008A}.Debug|x64.Build.0 = Debug|x64
		{5B1CE99D-46BE-4616-96F1-37329C12008A}.Release|x64.ActiveCfg = Release|x64
		{5B1CE99D-46BE-4616-96F1-37329C12008A}.Release|x64.Build.0 = Release|x64
	EndGlobalSection
	GlobalSection(SolutionProperties) = preSolution
		HideSolutionNode = FALSE
	EndGlobalSection
	GlobalSection(ExtensibilityGlobals) = postSolution
		SolutionGuid = {0A55FC2E-4C2C-425F-B80B-842B257691C6}
	EndGlobalSection
EndGlobal
